
Microsoft Visual Studio Solution File, Format Version 12.00
# Visual Studio 15
VisualStudioVersion = 15.0.28307.136
MinimumVisualStudioVersion = 10.0.40219.1
Project("{8BC9CEB8-8B4A-11D0-8D11-00A0C91BC942}") = "tsq", "tsq\tsq.vcxproj", "{B7270B55-1F3D-4A43-AA7C-E25E67942241}"
EndProject
Global
	GlobalSection(SolutionConfigurationPlatforms) = preSolution
		Debug|x64 = Debug|x64
		Debug|x86 = Debug|x86
		Release|x64 = Release|x64
		Release|x86 = Release|x86
	EndGlobalSection
	GlobalSection(ProjectConfigurationPlatforms) = postSolution
		{B7270B55-1F3D-4A43-AA7C-E25E67942241}.Debug|x64.ActiveCfg = Debug|x64
		{B7270B55-1F3D-4A43-AA7C-E25E67942241}.Debug|x64.Build.0 = Debug|x64
		{B7270B55-1F3D-4A43-AA7C-E25E67942241}.Debug|x86.ActiveCfg = Debug|Win32
		{B7270B55-1F3D-4A43-AA7C-E25E67942241}.Debug|x86.Build.0 = Debug|Win32
		{B7270B55-1F3D-4A43-AA7C-E25E67942241}.Release|x64.ActiveCfg = Release|x64
		{B7270B55-1F3D-4A43-AA7C-E25E67942241}.Release|x64.Build.0 = Release|x64
		{B7270B55-1F3D-4A43-AA7C-E25E67942241}.Release|x86.ActiveCfg = Release|Win32
		{B7270B55-1F3D-4A43-AA7C-E25E67942241}.Release|x86.Build.0 = Release|Win32
	EndGlobalSection
	GlobalSection(SolutionProperties) = preSolution
		HideSolutionNode = FALSE
	EndGlobalSection
	GlobalSection(ExtensibilityGlobals) = postSolution
		SolutionGuid = {44A5200B-1B41-4055-ABA5-2D90A4A787BC}
	EndGlobalSection
EndGlobal
